
Microsoft Visual Studio Solution File, Format Version 12.00
# Visual Studio 15
VisualStudioVersion = 15.0.27130.2036
MinimumVisualStudioVersion = 10.0.40219.1
Project("{9A19103F-16F7-4668-BE54-9A1E7A4F7556}") = "QnAServiceBot.Mobile", "QnAServiceBot.Mobile\QnAServiceBot.Mobile\QnAServiceBot.Mobile.csproj", "{27BE5D7B-EE09-4656-BF39-9CD26989B5BA}"
EndProject
Project("{FAE04EC0-301F-11D3-BF4B-00C04F79EFBC}") = "QnAServiceBot.Mobile.iOS", "QnAServiceBot.Mobile\QnAServiceBot.Mobile.iOS\QnAServiceBot.Mobile.iOS.csproj", "{EB0A9BB5-2838-4B86-9FCC-6B3B0E9E559A}"
EndProject
Project("{FAE04EC0-301F-11D3-BF4B-00C04F79EFBC}") = "QnAServiceBot.Mobile.Android", "QnAServiceBot.Mobile\QnAServiceBot.Mobile.Android\QnAServiceBot.Mobile.Android.csproj", "{DF40C538-8172-4A4D-AA79-D7349B37FD4B}"
EndProject
Global
	GlobalSection(SolutionConfigurationPlatforms) = preSolution
		Ad-Hoc|Any CPU = Ad-Hoc|Any CPU
		Ad-Hoc|ARM = Ad-Hoc|ARM
		Ad-Hoc|iPhone = Ad-Hoc|iPhone
		Ad-Hoc|iPhoneSimulator = Ad-Hoc|iPhoneSimulator
		Ad-Hoc|x64 = Ad-Hoc|x64
		Ad-Hoc|x86 = Ad-Hoc|x86
		AppStore|Any CPU = AppStore|Any CPU
		AppStore|ARM = AppStore|ARM
		AppStore|iPhone = AppStore|iPhone
		AppStore|iPhoneSimulator = AppStore|iPhoneSimulator
		AppStore|x64 = AppStore|x64
		AppStore|x86 = AppStore|x86
		Debug|Any CPU = Debug|Any CPU
		Debug|ARM = Debug|ARM
		Debug|iPhone = Debug|iPhone
		Debug|iPhoneSimulator = Debug|iPhoneSimulator
		Debug|x64 = Debug|x64
		Debug|x86 = Debug|x86
		Release|Any CPU = Release|Any CPU
		Release|ARM = Release|ARM
		Release|iPhone = Release|iPhone
		Release|iPhoneSimulator = Release|iPhoneSimulator
		Release|x64 = Release|x64
		Release|x86 = Release|x86
	EndGlobalSection
	GlobalSection(ProjectConfigurationPlatforms) = postSolution
		{27BE5D7B-EE09-4656-BF39-9CD26989B5BA}.Ad-Hoc|Any CPU.ActiveCfg = Debug|Any CPU
		{27BE5D7B-EE09-4656-BF39-9CD26989B5BA}.Ad-Hoc|Any CPU.Build.0 = Debug|Any CPU
		{27BE5D7B-EE09-4656-BF39-9CD26989B5BA}.Ad-Hoc|ARM.ActiveCfg = Debug|Any CPU
		{27BE5D7B-EE09-4656-BF39-9CD26989B5BA}.Ad-Hoc|ARM.Build.0 = Debug|Any CPU
		{27BE5D7B-EE09-4656-BF39-9CD26989B5BA}.Ad-Hoc|iPhone.ActiveCfg = Debug|Any CPU
		{27BE5D7B-EE09-4656-BF39-9CD26989B5BA}.Ad-Hoc|iPhone.Build.0 = Debug|Any CPU
		{27BE5D7B-EE09-4656-BF39-9CD26989B5BA}.Ad-Hoc|iPhoneSimulator.ActiveCfg = Debug|Any CPU
		{27BE5D7B-EE09-4656-BF39-9CD26989B5BA}.Ad-Hoc|iPhoneSimulator.Build.0 = Debug|Any CPU
		{27BE5D7B-EE09-4656-BF39-9CD26989B5BA}.Ad-Hoc|x64.ActiveCfg = Debug|Any CPU
		{27BE5D7B-EE09-4656-BF39-9CD26989B5BA}.Ad-Hoc|x64.Build.0 = Debug|Any CPU
		{27BE5D7B-EE09-4656-BF39-9CD26989B5BA}.Ad-Hoc|x86.ActiveCfg = Debug|Any CPU
		{27BE5D7B-EE09-4656-BF39-9CD26989B5BA}.Ad-Hoc|x86.Build.0 = Debug|Any CPU
		{27BE5D7B-EE09-4656-BF39-9CD26989B5BA}.AppStore|Any CPU.ActiveCfg = Debug|Any CPU
		{27BE5D7B-EE09-4656-BF39-9CD26989B5BA}.AppStore|Any CPU.Build.0 = Debug|Any CPU
		{27BE5D7B-EE09-4656-BF39-9CD26989B5BA}.AppStore|ARM.ActiveCfg = Debug|Any CPU
		{27BE5D7B-EE09-4656-BF39-9CD26989B5BA}.AppStore|ARM.Build.0 = Debug|Any CPU
		{27BE5D7B-EE09-4656-BF39-9CD26989B5BA}.AppStore|iPhone.ActiveCfg = Debug|Any CPU
		{27BE5D7B-EE09-4656-BF39-9CD26989B5BA}.AppStore|iPhone.Build.0 = Debug|Any CPU
		{27BE5D7B-EE09-4656-BF39-9CD26989B5BA}.AppStore|iPhoneSimulator.ActiveCfg = Debug|Any CPU
		{27BE5D7B-EE09-4656-BF39-9CD26989B5BA}.AppStore|iPhoneSimulator.Build.0 = Debug|Any CPU
		{27BE5D7B-EE09-4656-BF39-9CD26989B5BA}.AppStore|x64.ActiveCfg = Debug|Any CPU
		{27BE5D7B-EE09-4656-BF39-9CD26989B5BA}.AppStore|x64.Build.0 = Debug|Any CPU
		{27BE5D7B-EE09-4656-BF39-9CD26989B5BA}.AppStore|x86.ActiveCfg = Debug|Any CPU
		{27BE5D7B-EE09-4656-BF39-9CD26989B5BA}.AppStore|x86.Build.0 = Debug|Any CPU
		{27BE5D7B-EE09-4656-BF39-9CD26989B5BA}.Debug|Any CPU.ActiveCfg = Debug|Any CPU
		{27BE5D7B-EE09-4656-BF39-9CD26989B5BA}.Debug|Any CPU.Build.0 = Debug|Any CPU
		{27BE5D7B-EE09-4656-BF39-9CD26989B5BA}.Debug|ARM.ActiveCfg = Debug|Any CPU
		{27BE5D7B-EE09-4656-BF39-9CD26989B5BA}.Debug|ARM.Build.0 = Debug|Any CPU
		{27BE5D7B-EE09-4656-BF39-9CD26989B5BA}.Debug|iPhone.ActiveCfg = Debug|Any CPU
		{27BE5D7B-EE09-4656-BF39-9CD26989B5BA}.Debug|iPhone.Build.0 = Debug|Any CPU
		{27BE5D7B-EE09-4656-BF39-9CD26989B5BA}.Debug|iPhoneSimulator.ActiveCfg = Debug|Any CPU
		{27BE5D7B-EE09-4656-BF39-9CD26989B5BA}.Debug|iPhoneSimulator.Build.0 = Debug|Any CPU
		{27BE5D7B-EE09-4656-BF39-9CD26989B5BA}.Debug|x64.ActiveCfg = Debug|Any CPU
		{27BE5D7B-EE09-4656-BF39-9CD26989B5BA}.Debug|x64.Build.0 = Debug|Any CPU
		{27BE5D7B-EE09-4656-BF39-9CD26989B5BA}.Debug|x86.ActiveCfg = Debug|Any CPU
		{27BE5D7B-EE09-4656-BF39-9CD26989B5BA}.Debug|x86.Build.0 = Debug|Any CPU
		{27BE5D7B-EE09-4656-BF39-9CD26989B5BA}.Release|Any CPU.ActiveCfg = Release|Any CPU
		{27BE5D7B-EE09-4656-BF39-9CD26989B5BA}.Release|Any CPU.Build.0 = Release|Any CPU
		{27BE5D7B-EE09-4656-BF39-9CD26989B5BA}.Release|ARM.ActiveCfg = Release|Any CPU
		{27BE5D7B-EE09-4656-BF39-9CD26989B5BA}.Release|ARM.Build.0 = Release|Any CPU
		{27BE5D7B-EE09-4656-BF39-9CD26989B5BA}.Release|iPhone.ActiveCfg = Release|Any CPU
		{27BE5D7B-EE09-4656-BF39-9CD26989B5BA}.Release|iPhone.Build.0 = Release|Any CPU
		{27BE5D7B-EE09-4656-BF39-9CD26989B5BA}.Release|iPhoneSimulator.ActiveCfg = Release|Any CPU
		{27BE5D7B-EE09-4656-BF39-9CD26989B5BA}.Release|iPhoneSimulator.Build.0 = Release|Any CPU
		{27BE5D7B-EE09-4656-BF39-9CD26989B5BA}.Release|x64.ActiveCfg = Release|Any CPU
		{27BE5D7B-EE09-4656-BF39-9CD26989B5BA}.Release|x64.Build.0 = Release|Any CPU
		{27BE5D7B-EE09-4656-BF39-9CD26989B5BA}.Release|x86.ActiveCfg = Release|Any CPU
		{27BE5D7B-EE09-4656-BF39-9CD26989B5BA}.Release|x86.Build.0 = Release|Any CPU
		{EB0A9BB5-2838-4B86-9FCC-6B3B0E9E559A}.Ad-Hoc|Any CPU.ActiveCfg = Ad-Hoc|iPhone
		{EB0A9BB5-2838-4B86-9FCC-6B3B0E9E559A}.Ad-Hoc|ARM.ActiveCfg = Ad-Hoc|iPhone
		{EB0A9BB5-2838-4B86-9FCC-6B3B0E9E559A}.Ad-Hoc|iPhone.ActiveCfg = Ad-Hoc|iPhone
		{EB0A9BB5-2838-4B86-9FCC-6B3B0E9E559A}.Ad-Hoc|iPhone.Build.0 = Ad-Hoc|iPhone
		{EB0A9BB5-2838-4B86-9FCC-6B3B0E9E559A}.Ad-Hoc|iPhoneSimulator.ActiveCfg = Ad-Hoc|iPhoneSimulator
		{EB0A9BB5-2838-4B86-9FCC-6B3B0E9E559A}.Ad-Hoc|iPhoneSimulator.Build.0 = Ad-Hoc|iPhoneSimulator
		{EB0A9BB5-2838-4B86-9FCC-6B3B0E9E559A}.Ad-Hoc|x64.ActiveCfg = Ad-Hoc|iPhone
		{EB0A9BB5-2838-4B86-9FCC-6B3B0E9E559A}.Ad-Hoc|x86.ActiveCfg = Ad-Hoc|iPhone
		{EB0A9BB5-2838-4B86-9FCC-6B3B0E9E559A}.AppStore|Any CPU.ActiveCfg = AppStore|iPhone
		{EB0A9BB5-2838-4B86-9FCC-6B3B0E9E559A}.AppStore|ARM.ActiveCfg = AppStore|iPhone
		{EB0A9BB5-2838-4B86-9FCC-6B3B0E9E559A}.AppStore|iPhone.ActiveCfg = AppStore|iPhone
		{EB0A9BB5-2838-4B86-9FCC-6B3B0E9E559A}.AppStore|iPhone.Build.0 = AppStore|iPhone
		{EB0A9BB5-2838-4B86-9FCC-6B3B0E9E559A}.AppStore|iPhoneSimulator.ActiveCfg = AppStore|iPhoneSimulator
		{EB0A9BB5-2838-4B86-9FCC-6B3B0E9E559A}.AppStore|iPhoneSimulator.Build.0 = AppStore|iPhoneSimulator
		{EB0A9BB5-2838-4B86-9FCC-6B3B0E9E559A}.AppStore|x64.ActiveCfg = AppStore|iPhone
		{EB0A9BB5-2838-4B86-9FCC-6B3B0E9E559A}.AppStore|x86.ActiveCfg = AppStore|iPhone
		{EB0A9BB5-2838-4B86-9FCC-6B3B0E9E559A}.Debug|Any CPU.ActiveCfg = Debug|iPhone
		{EB0A9BB5-2838-4B86-9FCC-6B3B0E9E559A}.Debug|ARM.ActiveCfg = Debug|iPhone
		{EB0A9BB5-2838-4B86-9FCC-6B3B0E9E559A}.Debug|iPhone.ActiveCfg = Debug|iPhone
		{EB0A9BB5-2838-4B86-9FCC-6B3B0E9E559A}.Debug|iPhone.Build.0 = Debug|iPhone
		{EB0A9BB5-2838-4B86-9FCC-6B3B0E9E559A}.Debug|iPhoneSimulator.ActiveCfg = Debug|iPhoneSimulator
		{EB0A9BB5-2838-4B86-9FCC-6B3B0E9E559A}.Debug|iPhoneSimulator.Build.0 = Debug|iPhoneSimulator
		{EB0A9BB5-2838-4B86-9FCC-6B3B0E9E559A}.Debug|x64.ActiveCfg = Debug|iPhone
		{EB0A9BB5-2838-4B86-9FCC-6B3B0E9E559A}.Debug|x86.ActiveCfg = Debug|iPhone
		{EB0A9BB5-2838-4B86-9FCC-6B3B0E9E559A}.Release|Any CPU.ActiveCfg = Release|iPhone
		{EB0A9BB5-2838-4B86-9FCC-6B3B0E9E559A}.Release|ARM.ActiveCfg = Release|iPhone
		{EB0A9BB5-2838-4B86-9FCC-6B3B0E9E559A}.Release|iPhone.ActiveCfg = Release|iPhone
		{EB0A9BB5-2838-4B86-9FCC-6B3B0E9E559A}.Release|iPhone.Build.0 = Release|iPhone
		{EB0A9BB5-2838-4B86-9FCC-6B3B0E9E559A}.Release|iPhoneSimulator.ActiveCfg = Release|iPhoneSimulator
		{EB0A9BB5-2838-4B86-9FCC-6B3B0E9E559A}.Release|iPhoneSimulator.Build.0 = Release|iPhoneSimulator
		{EB0A9BB5-2838-4B86-9FCC-6B3B0E9E559A}.Release|x64.ActiveCfg = Release|iPhone
		{EB0A9BB5-2838-4B86-9FCC-6B3B0E9E559A}.Release|x86.ActiveCfg = Release|iPhone
		{DF40C538-8172-4A4D-AA79-D7349B37FD4B}.Ad-Hoc|Any CPU.ActiveCfg = Release|Any CPU
		{DF40C538-8172-4A4D-AA79-D7349B37FD4B}.Ad-Hoc|Any CPU.Build.0 = Release|Any CPU
		{DF40C538-8172-4A4D-AA79-D7349B37FD4B}.Ad-Hoc|Any CPU.Deploy.0 = Release|Any CPU
		{DF40C538-8172-4A4D-AA79-D7349B37FD4B}.Ad-Hoc|ARM.ActiveCfg = Release|Any CPU
		{DF40C538-8172-4A4D-AA79-D7349B37FD4B}.Ad-Hoc|ARM.Build.0 = Release|Any CPU
		{DF40C538-8172-4A4D-AA79-D7349B37FD4B}.Ad-Hoc|ARM.Deploy.0 = Release|Any CPU
		{DF40C538-8172-4A4D-AA79-D7349B37FD4B}.Ad-Hoc|iPhone.ActiveCfg = Release|Any CPU
		{DF40C538-8172-4A4D-AA79-D7349B37FD4B}.Ad-Hoc|iPhone.Build.0 = Release|Any CPU
		{DF40C538-8172-4A4D-AA79-D7349B37FD4B}.Ad-Hoc|iPhone.Deploy.0 = Release|Any CPU
		{DF40C538-8172-4A4D-AA79-D7349B37FD4B}.Ad-Hoc|iPhoneSimulator.ActiveCfg = Release|Any CPU
		{DF40C538-8172-4A4D-AA79-D7349B37FD4B}.Ad-Hoc|iPhoneSimulator.Build.0 = Release|Any CPU
		{DF40C538-8172-4A4D-AA79-D7349B37FD4B}.Ad-Hoc|iPhoneSimulator.Deploy.0 = Release|Any CPU
		{DF40C538-8172-4A4D-AA79-D7349B37FD4B}.Ad-Hoc|x64.ActiveCfg = Release|Any CPU
		{DF40C538-8172-4A4D-AA79-D7349B37FD4B}.Ad-Hoc|x64.Build.0 = Release|Any CPU
		{DF40C538-8172-4A4D-AA79-D7349B37FD4B}.Ad-Hoc|x64.Deploy.0 = Release|Any CPU
		{DF40C538-8172-4A4D-AA79-D7349B37FD4B}.Ad-Hoc|x86.ActiveCfg = Release|Any CPU
		{DF40C538-8172-4A4D-AA79-D7349B37FD4B}.Ad-Hoc|x86.Build.0 = Release|Any CPU
		{DF40C538-8172-4A4D-AA79-D7349B37FD4B}.Ad-Hoc|x86.Deploy.0 = Release|Any CPU
		{DF40C538-8172-4A4D-AA79-D7349B37FD4B}.AppStore|Any CPU.ActiveCfg = Release|Any CPU
		{DF40C538-8172-4A4D-AA79-D7349B37FD4B}.AppStore|Any CPU.Build.0 = Release|Any CPU
		{DF40C538-8172-4A4D-AA79-D7349B37FD4B}.AppStore|Any CPU.Deploy.0 = Release|Any CPU
		{DF40C538-8172-4A4D-AA79-D7349B37FD4B}.AppStore|ARM.ActiveCfg = Release|Any CPU
		{DF40C538-8172-4A4D-AA79-D7349B37FD4B}.AppStore|ARM.Build.0 = Release|Any CPU
		{DF40C538-8172-4A4D-AA79-D7349B37FD4B}.AppStore|ARM.Deploy.0 = Release|Any CPU
		{DF40C538-8172-4A4D-AA79-D7349B37FD4B}.AppStore|iPhone.ActiveCfg = Release|Any CPU
		{DF40C538-8172-4A4D-AA79-D7349B37FD4B}.AppStore|iPhone.Build.0 = Release|Any CPU
		{DF40C538-8172-4A4D-AA79-D7349B37FD4B}.AppStore|iPhone.Deploy.0 = Release|Any CPU
		{DF40C538-8172-4A4D-AA79-D7349B37FD4B}.AppStore|iPhoneSimulator.ActiveCfg = Release|Any CPU
		{DF40C538-8172-4A4D-AA79-D7349B37FD4B}.AppStore|iPhoneSimulator.Build.0 = Release|Any CPU
		{DF40C538-8172-4A4D-AA79-D7349B37FD4B}.AppStore|iPhoneSimulator.Deploy.0 = Release|Any CPU
		{DF40C538-8172-4A4D-AA79-D7349B37FD4B}.AppStore|x64.ActiveCfg = Release|Any CPU
		{DF40C538-8172-4A4D-AA79-D7349B37FD4B}.AppStore|x64.Build.0 = Release|Any CPU
		{DF40C538-8172-4A4D-AA79-D7349B37FD4B}.AppStore|x64.Deploy.0 = Release|Any CPU
		{DF40C538-8172-4A4D-AA79-D7349B37FD4B}.AppStore|x86.ActiveCfg = Release|Any CPU
		{DF40C538-8172-4A4D-AA79-D7349B37FD4B}.AppStore|x86.Build.0 = Release|Any CPU
		{DF40C538-8172-4A4D-AA79-D7349B37FD4B}.AppStore|x86.Deploy.0 = Release|Any CPU
		{DF40C538-8172-4A4D-AA79-D7349B37FD4B}.Debug|Any CPU.ActiveCfg = Debug|Any CPU
		{DF40C538-8172-4A4D-AA79-D7349B37FD4B}.Debug|Any CPU.Build.0 = Debug|Any CPU
		{DF40C538-8172-4A4D-AA79-D7349B37FD4B}.Debug|Any CPU.Deploy.0 = Debug|Any CPU
		{DF40C538-8172-4A4D-AA79-D7349B37FD4B}.Debug|ARM.ActiveCfg = Debug|Any CPU
		{DF40C538-8172-4A4D-AA79-D7349B37FD4B}.Debug|ARM.Build.0 = Debug|Any CPU
		{DF40C538-8172-4A4D-AA79-D7349B37FD4B}.Debug|ARM.Deploy.0 = Debug|Any CPU
		{DF40C538-8172-4A4D-AA79-D7349B37FD4B}.Debug|iPhone.ActiveCfg = Debug|Any CPU
		{DF40C538-8172-4A4D-AA79-D7349B37FD4B}.Debug|iPhone.Build.0 = Debug|Any CPU
		{DF40C538-8172-4A4D-AA79-D7349B37FD4B}.Debug|iPhone.Deploy.0 = Debug|Any CPU
		{DF40C538-8172-4A4D-AA79-D7349B37FD4B}.Debug|iPhoneSimulator.ActiveCfg = Debug|Any CPU
		{DF40C538-8172-4A4D-AA79-D7349B37FD4B}.Debug|iPhoneSimulator.Build.0 = Debug|Any CPU
		{DF40C538-8172-4A4D-AA79-D7349B37FD4B}.Debug|iPhoneSimulator.Deploy.0 = Debug|Any CPU
		{DF40C538-8172-4A4D-AA79-D7349B37FD4B}.Debug|x64.ActiveCfg = Debug|Any CPU
		{DF40C538-8172-4A4D-AA79-D7349B37FD4B}.Debug|x64.Build.0 = Debug|Any CPU
		{DF40C538-8172-4A4D-AA79-D7349B37FD4B}.Debug|x64.Deploy.0 = Debug|Any CPU
		{DF40C538-8172-4A4D-AA79-D7349B37FD4B}.Debug|x86.ActiveCfg = Debug|Any CPU
		{DF40C538-8172-4A4D-AA79-D7349B37FD4B}.Debug|x86.Build.0 = Debug|Any CPU
		{DF40C538-8172-4A4D-AA79-D7349B37FD4B}.Debug|x86.Deploy.0 = Debug|Any CPU
		{DF40C538-8172-4A4D-AA79-D7349B37FD4B}.Release|Any CPU.ActiveCfg = Release|Any CPU
		{DF40C538-8172-4A4D-AA79-D7349B37FD4B}.Release|Any CPU.Build.0 = Release|Any CPU
		{DF40C538-8172-4A4D-AA79-D7349B37FD4B}.Release|Any CPU.Deploy.0 = Release|Any CPU
		{DF40C538-8172-4A4D-AA79-D7349B37FD4B}.Release|ARM.ActiveCfg = Release|Any CPU
		{DF40C538-8172-4A4D-AA79-D7349B37FD4B}.Release|ARM.Build.0 = Release|Any CPU
		{DF40C538-8172-4A4D-AA79-D7349B37FD4B}.Release|ARM.Deploy.0 = Release|Any CPU
		{DF40C538-8172-4A4D-AA79-D7349B37FD4B}.Release|iPhone.ActiveCfg = Release|Any CPU
		{DF40C538-8172-4A4D-AA79-D7349B37FD4B}.Release|iPhone.Build.0 = Release|Any CPU
		{DF40C538-8172-4A4D-AA79-D7349B37FD4B}.Release|iPhone.Deploy.0 = Release|Any CPU
		{DF40C538-8172-4A4D-AA79-D7349B37FD4B}.Release|iPhoneSimulator.ActiveCfg = Release|Any CPU
		{DF40C538-8172-4A4D-AA79-D7349B37FD4B}.Release|iPhoneSimulator.Build.0 = Release|Any CPU
		{DF40C538-8172-4A4D-AA79-D7349B37FD4B}.Release|iPhoneSimulator.Deploy.0 = Release|Any CPU
		{DF40C538-8172-4A4D-AA79-D7349B37FD4B}.Release|x64.ActiveCfg = Release|Any CPU
		{DF40C538-8172-4A4D-AA79-D7349B37FD4B}.Release|x64.Build.0 = Release|Any CPU
		{DF40C538-8172-4A4D-AA79-D7349B37FD4B}.Release|x64.Deploy.0 = Release|Any CPU
		{DF40C538-8172-4A4D-AA79-D7349B37FD4B}.Release|x86.ActiveCfg = Release|Any CPU
		{DF40C538-8172-4A4D-AA79-D7349B37FD4B}.Release|x86.Build.0 = Release|Any CPU
		{DF40C538-8172-4A4D-AA79-D7349B37FD4B}.Release|x86.Deploy.0 = Release|Any CPU
	EndGlobalSection
	GlobalSection(SolutionProperties) = preSolution
		HideSolutionNode = FALSE
	EndGlobalSection
	GlobalSection(ExtensibilityGlobals) = postSolution
		SolutionGuid = {F6D05029-56B8-4E45-AF2D-0E76295DDBA2}
	EndGlobalSection
EndGlobal
