
Microsoft Visual Studio Solution File, Format Version 12.00
# Visual Studio 15
VisualStudioVersion = 15.0.27130.2036
MinimumVisualStudioVersion = 10.0.40219.1
Project("{9A19103F-16F7-4668-BE54-9A1E7A4F7556}") = "QnAServiceBot", "QnAServiceBot\QnAServiceBot.csproj", "{280333A4-840C-442D-9332-17AEB6751F3C}"
EndProject
Project("{9A19103F-16F7-4668-BE54-9A1E7A4F7556}") = "AngularWebApp", "AngularWebApp\AngularWebApp.csproj", "{B4956121-5BCF-475C-A5BE-C324D1C98CD6}"
EndProject
Project("{FAE04EC0-301F-11D3-BF4B-00C04F79EFBC}") = "QnAMakerBot", "QnAMakerBot\QnAMakerBot.csproj", "{9C7E3A46-B60F-4052-9A21-DC8D1A942216}"
EndProject
Global
	GlobalSection(SolutionConfigurationPlatforms) = preSolution
		Debug|Any CPU = Debug|Any CPU
		Release|Any CPU = Release|Any CPU
		ReleaseQnAMakerBot|Any CPU = ReleaseQnAMakerBot|Any CPU
		ReleaseQnAServiceBot|Any CPU = ReleaseQnAServiceBot|Any CPU
	EndGlobalSection
	GlobalSection(ProjectConfigurationPlatforms) = postSolution
		{280333A4-840C-442D-9332-17AEB6751F3C}.Debug|Any CPU.ActiveCfg = Debug|Any CPU
		{280333A4-840C-442D-9332-17AEB6751F3C}.Debug|Any CPU.Build.0 = Debug|Any CPU
		{280333A4-840C-442D-9332-17AEB6751F3C}.Release|Any CPU.ActiveCfg = Release|Any CPU
		{280333A4-840C-442D-9332-17AEB6751F3C}.Release|Any CPU.Build.0 = Release|Any CPU
		{280333A4-840C-442D-9332-17AEB6751F3C}.ReleaseQnAMakerBot|Any CPU.ActiveCfg = Release|Any CPU
		{280333A4-840C-442D-9332-17AEB6751F3C}.ReleaseQnAServiceBot|Any CPU.ActiveCfg = Release|Any CPU
		{280333A4-840C-442D-9332-17AEB6751F3C}.ReleaseQnAServiceBot|Any CPU.Build.0 = Release|Any CPU
		{B4956121-5BCF-475C-A5BE-C324D1C98CD6}.Debug|Any CPU.ActiveCfg = Debug|Any CPU
		{B4956121-5BCF-475C-A5BE-C324D1C98CD6}.Debug|Any CPU.Build.0 = Debug|Any CPU
		{B4956121-5BCF-475C-A5BE-C324D1C98CD6}.Release|Any CPU.ActiveCfg = Release|Any CPU
		{B4956121-5BCF-475C-A5BE-C324D1C98CD6}.Release|Any CPU.Build.0 = Release|Any CPU
		{B4956121-5BCF-475C-A5BE-C324D1C98CD6}.ReleaseQnAMakerBot|Any CPU.ActiveCfg = Release|Any CPU
		{B4956121-5BCF-475C-A5BE-C324D1C98CD6}.ReleaseQnAServiceBot|Any CPU.ActiveCfg = Release|Any CPU
		{9C7E3A46-B60F-4052-9A21-DC8D1A942216}.Debug|Any CPU.ActiveCfg = Debug|Any CPU
		{9C7E3A46-B60F-4052-9A21-DC8D1A942216}.Debug|Any CPU.Build.0 = Debug|Any CPU
		{9C7E3A46-B60F-4052-9A21-DC8D1A942216}.Release|Any CPU.ActiveCfg = Release|Any CPU
		{9C7E3A46-B60F-4052-9A21-DC8D1A942216}.Release|Any CPU.Build.0 = Release|Any CPU
		{9C7E3A46-B60F-4052-9A21-DC8D1A942216}.ReleaseQnAMakerBot|Any CPU.ActiveCfg = Release|Any CPU
		{9C7E3A46-B60F-4052-9A21-DC8D1A942216}.ReleaseQnAMakerBot|Any CPU.Build.0 = Release|Any CPU
		{9C7E3A46-B60F-4052-9A21-DC8D1A942216}.ReleaseQnAServiceBot|Any CPU.ActiveCfg = Release|Any CPU
	EndGlobalSection
	GlobalSection(SolutionProperties) = preSolution
		HideSolutionNode = FALSE
	EndGlobalSection
	GlobalSection(ExtensibilityGlobals) = postSolution
		SolutionGuid = {6B4745B1-0950-4184-B289-1354CFCFBDCF}
	EndGlobalSection
EndGlobal
