
Microsoft Visual Studio Solution File, Format Version 12.00
# Visual Studio 15
VisualStudioVersion = 15.0.27130.2036
MinimumVisualStudioVersion = 10.0.40219.1
Project("{9A19103F-16F7-4668-BE54-9A1E7A4F7556}") = "QnAServiceBot", "QnAServiceBot\QnAServiceBot.csproj", "{280333A4-840C-442D-9332-17AEB6751F3C}"
EndProject
Project("{9A19103F-16F7-4668-BE54-9A1E7A4F7556}") = "AngularWebApp", "AngularWebApp\AngularWebApp.csproj", "{B4956121-5BCF-475C-A5BE-C324D1C98CD6}"
EndProject
Project("{FAE04EC0-301F-11D3-BF4B-00C04F79EFBC}") = "QnAMakerBot", "QnAMakerBot\QnAMakerBot.csproj", "{069B5611-0105-4801-81EE-8915DDBB41B0}"
EndProject
Global
	GlobalSection(SolutionConfigurationPlatforms) = preSolution
		Ad-Hoc|Any CPU = Ad-Hoc|Any CPU
		Ad-Hoc|iPhone = Ad-Hoc|iPhone
		Ad-Hoc|iPhoneSimulator = Ad-Hoc|iPhoneSimulator
		AppStore|Any CPU = AppStore|Any CPU
		AppStore|iPhone = AppStore|iPhone
		AppStore|iPhoneSimulator = AppStore|iPhoneSimulator
		Debug|Any CPU = Debug|Any CPU
		Debug|iPhone = Debug|iPhone
		Debug|iPhoneSimulator = Debug|iPhoneSimulator
		Release|Any CPU = Release|Any CPU
		Release|iPhone = Release|iPhone
		Release|iPhoneSimulator = Release|iPhoneSimulator
		ReleaseQnAMakerBot|Any CPU = ReleaseQnAMakerBot|Any CPU
		ReleaseQnAMakerBot|iPhone = ReleaseQnAMakerBot|iPhone
		ReleaseQnAMakerBot|iPhoneSimulator = ReleaseQnAMakerBot|iPhoneSimulator
		ReleaseQnAServiceBot|Any CPU = ReleaseQnAServiceBot|Any CPU
		ReleaseQnAServiceBot|iPhone = ReleaseQnAServiceBot|iPhone
		ReleaseQnAServiceBot|iPhoneSimulator = ReleaseQnAServiceBot|iPhoneSimulator
	EndGlobalSection
	GlobalSection(ProjectConfigurationPlatforms) = postSolution
		{280333A4-840C-442D-9332-17AEB6751F3C}.Ad-Hoc|Any CPU.ActiveCfg = Release|Any CPU
		{280333A4-840C-442D-9332-17AEB6751F3C}.Ad-Hoc|Any CPU.Build.0 = Release|Any CPU
		{280333A4-840C-442D-9332-17AEB6751F3C}.Ad-Hoc|iPhone.ActiveCfg = Release|Any CPU
		{280333A4-840C-442D-9332-17AEB6751F3C}.Ad-Hoc|iPhone.Build.0 = Release|Any CPU
		{280333A4-840C-442D-9332-17AEB6751F3C}.Ad-Hoc|iPhoneSimulator.ActiveCfg = Release|Any CPU
		{280333A4-840C-442D-9332-17AEB6751F3C}.Ad-Hoc|iPhoneSimulator.Build.0 = Release|Any CPU
		{280333A4-840C-442D-9332-17AEB6751F3C}.AppStore|Any CPU.ActiveCfg = Release|Any CPU
		{280333A4-840C-442D-9332-17AEB6751F3C}.AppStore|Any CPU.Build.0 = Release|Any CPU
		{280333A4-840C-442D-9332-17AEB6751F3C}.AppStore|iPhone.ActiveCfg = Release|Any CPU
		{280333A4-840C-442D-9332-17AEB6751F3C}.AppStore|iPhone.Build.0 = Release|Any CPU
		{280333A4-840C-442D-9332-17AEB6751F3C}.AppStore|iPhoneSimulator.ActiveCfg = Release|Any CPU
		{280333A4-840C-442D-9332-17AEB6751F3C}.AppStore|iPhoneSimulator.Build.0 = Release|Any CPU
		{280333A4-840C-442D-9332-17AEB6751F3C}.Debug|Any CPU.ActiveCfg = Debug|Any CPU
		{280333A4-840C-442D-9332-17AEB6751F3C}.Debug|Any CPU.Build.0 = Debug|Any CPU
		{280333A4-840C-442D-9332-17AEB6751F3C}.Debug|iPhone.ActiveCfg = Debug|Any CPU
		{280333A4-840C-442D-9332-17AEB6751F3C}.Debug|iPhone.Build.0 = Debug|Any CPU
		{280333A4-840C-442D-9332-17AEB6751F3C}.Debug|iPhoneSimulator.ActiveCfg = Debug|Any CPU
		{280333A4-840C-442D-9332-17AEB6751F3C}.Debug|iPhoneSimulator.Build.0 = Debug|Any CPU
		{280333A4-840C-442D-9332-17AEB6751F3C}.Release|Any CPU.ActiveCfg = Release|Any CPU
		{280333A4-840C-442D-9332-17AEB6751F3C}.Release|Any CPU.Build.0 = Release|Any CPU
		{280333A4-840C-442D-9332-17AEB6751F3C}.Release|iPhone.ActiveCfg = Release|Any CPU
		{280333A4-840C-442D-9332-17AEB6751F3C}.Release|iPhone.Build.0 = Release|Any CPU
		{280333A4-840C-442D-9332-17AEB6751F3C}.Release|iPhoneSimulator.ActiveCfg = Release|Any CPU
		{280333A4-840C-442D-9332-17AEB6751F3C}.Release|iPhoneSimulator.Build.0 = Release|Any CPU
		{280333A4-840C-442D-9332-17AEB6751F3C}.ReleaseQnAMakerBot|Any CPU.ActiveCfg = Release|Any CPU
		{280333A4-840C-442D-9332-17AEB6751F3C}.ReleaseQnAMakerBot|iPhone.ActiveCfg = Release|Any CPU
		{280333A4-840C-442D-9332-17AEB6751F3C}.ReleaseQnAMakerBot|iPhone.Build.0 = Release|Any CPU
		{280333A4-840C-442D-9332-17AEB6751F3C}.ReleaseQnAMakerBot|iPhoneSimulator.ActiveCfg = Release|Any CPU
		{280333A4-840C-442D-9332-17AEB6751F3C}.ReleaseQnAMakerBot|iPhoneSimulator.Build.0 = Release|Any CPU
		{280333A4-840C-442D-9332-17AEB6751F3C}.ReleaseQnAServiceBot|Any CPU.ActiveCfg = Release|Any CPU
		{280333A4-840C-442D-9332-17AEB6751F3C}.ReleaseQnAServiceBot|Any CPU.Build.0 = Release|Any CPU
		{280333A4-840C-442D-9332-17AEB6751F3C}.ReleaseQnAServiceBot|iPhone.ActiveCfg = Release|Any CPU
		{280333A4-840C-442D-9332-17AEB6751F3C}.ReleaseQnAServiceBot|iPhone.Build.0 = Release|Any CPU
		{280333A4-840C-442D-9332-17AEB6751F3C}.ReleaseQnAServiceBot|iPhoneSimulator.ActiveCfg = Release|Any CPU
		{280333A4-840C-442D-9332-17AEB6751F3C}.ReleaseQnAServiceBot|iPhoneSimulator.Build.0 = Release|Any CPU
		{B4956121-5BCF-475C-A5BE-C324D1C98CD6}.Ad-Hoc|Any CPU.ActiveCfg = Release|Any CPU
		{B4956121-5BCF-475C-A5BE-C324D1C98CD6}.Ad-Hoc|Any CPU.Build.0 = Release|Any CPU
		{B4956121-5BCF-475C-A5BE-C324D1C98CD6}.Ad-Hoc|iPhone.ActiveCfg = Release|Any CPU
		{B4956121-5BCF-475C-A5BE-C324D1C98CD6}.Ad-Hoc|iPhone.Build.0 = Release|Any CPU
		{B4956121-5BCF-475C-A5BE-C324D1C98CD6}.Ad-Hoc|iPhoneSimulator.ActiveCfg = Release|Any CPU
		{B4956121-5BCF-475C-A5BE-C324D1C98CD6}.Ad-Hoc|iPhoneSimulator.Build.0 = Release|Any CPU
		{B4956121-5BCF-475C-A5BE-C324D1C98CD6}.AppStore|Any CPU.ActiveCfg = Release|Any CPU
		{B4956121-5BCF-475C-A5BE-C324D1C98CD6}.AppStore|Any CPU.Build.0 = Release|Any CPU
		{B4956121-5BCF-475C-A5BE-C324D1C98CD6}.AppStore|iPhone.ActiveCfg = Release|Any CPU
		{B4956121-5BCF-475C-A5BE-C324D1C98CD6}.AppStore|iPhone.Build.0 = Release|Any CPU
		{B4956121-5BCF-475C-A5BE-C324D1C98CD6}.AppStore|iPhoneSimulator.ActiveCfg = Release|Any CPU
		{B4956121-5BCF-475C-A5BE-C324D1C98CD6}.AppStore|iPhoneSimulator.Build.0 = Release|Any CPU
		{B4956121-5BCF-475C-A5BE-C324D1C98CD6}.Debug|Any CPU.ActiveCfg = Debug|Any CPU
		{B4956121-5BCF-475C-A5BE-C324D1C98CD6}.Debug|Any CPU.Build.0 = Debug|Any CPU
		{B4956121-5BCF-475C-A5BE-C324D1C98CD6}.Debug|iPhone.ActiveCfg = Debug|Any CPU
		{B4956121-5BCF-475C-A5BE-C324D1C98CD6}.Debug|iPhone.Build.0 = Debug|Any CPU
		{B4956121-5BCF-475C-A5BE-C324D1C98CD6}.Debug|iPhoneSimulator.ActiveCfg = Debug|Any CPU
		{B4956121-5BCF-475C-A5BE-C324D1C98CD6}.Debug|iPhoneSimulator.Build.0 = Debug|Any CPU
		{B4956121-5BCF-475C-A5BE-C324D1C98CD6}.Release|Any CPU.ActiveCfg = Release|Any CPU
		{B4956121-5BCF-475C-A5BE-C324D1C98CD6}.Release|Any CPU.Build.0 = Release|Any CPU
		{B4956121-5BCF-475C-A5BE-C324D1C98CD6}.Release|iPhone.ActiveCfg = Release|Any CPU
		{B4956121-5BCF-475C-A5BE-C324D1C98CD6}.Release|iPhone.Build.0 = Release|Any CPU
		{B4956121-5BCF-475C-A5BE-C324D1C98CD6}.Release|iPhoneSimulator.ActiveCfg = Release|Any CPU
		{B4956121-5BCF-475C-A5BE-C324D1C98CD6}.Release|iPhoneSimulator.Build.0 = Release|Any CPU
		{B4956121-5BCF-475C-A5BE-C324D1C98CD6}.ReleaseQnAMakerBot|Any CPU.ActiveCfg = Release|Any CPU
		{B4956121-5BCF-475C-A5BE-C324D1C98CD6}.ReleaseQnAMakerBot|iPhone.ActiveCfg = Release|Any CPU
		{B4956121-5BCF-475C-A5BE-C324D1C98CD6}.ReleaseQnAMakerBot|iPhone.Build.0 = Release|Any CPU
		{B4956121-5BCF-475C-A5BE-C324D1C98CD6}.ReleaseQnAMakerBot|iPhoneSimulator.ActiveCfg = Release|Any CPU
		{B4956121-5BCF-475C-A5BE-C324D1C98CD6}.ReleaseQnAMakerBot|iPhoneSimulator.Build.0 = Release|Any CPU
		{B4956121-5BCF-475C-A5BE-C324D1C98CD6}.ReleaseQnAServiceBot|Any CPU.ActiveCfg = Release|Any CPU
		{B4956121-5BCF-475C-A5BE-C324D1C98CD6}.ReleaseQnAServiceBot|iPhone.ActiveCfg = Release|Any CPU
		{B4956121-5BCF-475C-A5BE-C324D1C98CD6}.ReleaseQnAServiceBot|iPhone.Build.0 = Release|Any CPU
		{B4956121-5BCF-475C-A5BE-C324D1C98CD6}.ReleaseQnAServiceBot|iPhoneSimulator.ActiveCfg = Release|Any CPU
		{B4956121-5BCF-475C-A5BE-C324D1C98CD6}.ReleaseQnAServiceBot|iPhoneSimulator.Build.0 = Release|Any CPU
		{069B5611-0105-4801-81EE-8915DDBB41B0}.Ad-Hoc|Any CPU.ActiveCfg = Release|Any CPU
		{069B5611-0105-4801-81EE-8915DDBB41B0}.Ad-Hoc|Any CPU.Build.0 = Release|Any CPU
		{069B5611-0105-4801-81EE-8915DDBB41B0}.Ad-Hoc|iPhone.ActiveCfg = Release|Any CPU
		{069B5611-0105-4801-81EE-8915DDBB41B0}.Ad-Hoc|iPhone.Build.0 = Release|Any CPU
		{069B5611-0105-4801-81EE-8915DDBB41B0}.Ad-Hoc|iPhoneSimulator.ActiveCfg = Release|Any CPU
		{069B5611-0105-4801-81EE-8915DDBB41B0}.Ad-Hoc|iPhoneSimulator.Build.0 = Release|Any CPU
		{069B5611-0105-4801-81EE-8915DDBB41B0}.AppStore|Any CPU.ActiveCfg = Release|Any CPU
		{069B5611-0105-4801-81EE-8915DDBB41B0}.AppStore|Any CPU.Build.0 = Release|Any CPU
		{069B5611-0105-4801-81EE-8915DDBB41B0}.AppStore|iPhone.ActiveCfg = Release|Any CPU
		{069B5611-0105-4801-81EE-8915DDBB41B0}.AppStore|iPhone.Build.0 = Release|Any CPU
		{069B5611-0105-4801-81EE-8915DDBB41B0}.AppStore|iPhoneSimulator.ActiveCfg = Release|Any CPU
		{069B5611-0105-4801-81EE-8915DDBB41B0}.AppStore|iPhoneSimulator.Build.0 = Release|Any CPU
		{069B5611-0105-4801-81EE-8915DDBB41B0}.Debug|Any CPU.ActiveCfg = Debug|Any CPU
		{069B5611-0105-4801-81EE-8915DDBB41B0}.Debug|Any CPU.Build.0 = Debug|Any CPU
		{069B5611-0105-4801-81EE-8915DDBB41B0}.Debug|iPhone.ActiveCfg = Debug|Any CPU
		{069B5611-0105-4801-81EE-8915DDBB41B0}.Debug|iPhone.Build.0 = Debug|Any CPU
		{069B5611-0105-4801-81EE-8915DDBB41B0}.Debug|iPhoneSimulator.ActiveCfg = Debug|Any CPU
		{069B5611-0105-4801-81EE-8915DDBB41B0}.Debug|iPhoneSimulator.Build.0 = Debug|Any CPU
		{069B5611-0105-4801-81EE-8915DDBB41B0}.Release|Any CPU.ActiveCfg = Release|Any CPU
		{069B5611-0105-4801-81EE-8915DDBB41B0}.Release|Any CPU.Build.0 = Release|Any CPU
		{069B5611-0105-4801-81EE-8915DDBB41B0}.Release|iPhone.ActiveCfg = Release|Any CPU
		{069B5611-0105-4801-81EE-8915DDBB41B0}.Release|iPhone.Build.0 = Release|Any CPU
		{069B5611-0105-4801-81EE-8915DDBB41B0}.Release|iPhoneSimulator.ActiveCfg = Release|Any CPU
		{069B5611-0105-4801-81EE-8915DDBB41B0}.Release|iPhoneSimulator.Build.0 = Release|Any CPU
		{069B5611-0105-4801-81EE-8915DDBB41B0}.ReleaseQnAMakerBot|Any CPU.ActiveCfg = Release|Any CPU
		{069B5611-0105-4801-81EE-8915DDBB41B0}.ReleaseQnAMakerBot|Any CPU.Build.0 = Release|Any CPU
		{069B5611-0105-4801-81EE-8915DDBB41B0}.ReleaseQnAMakerBot|iPhone.ActiveCfg = Release|Any CPU
		{069B5611-0105-4801-81EE-8915DDBB41B0}.ReleaseQnAMakerBot|iPhone.Build.0 = Release|Any CPU
		{069B5611-0105-4801-81EE-8915DDBB41B0}.ReleaseQnAMakerBot|iPhoneSimulator.ActiveCfg = Release|Any CPU
		{069B5611-0105-4801-81EE-8915DDBB41B0}.ReleaseQnAMakerBot|iPhoneSimulator.Build.0 = Release|Any CPU
		{069B5611-0105-4801-81EE-8915DDBB41B0}.ReleaseQnAServiceBot|Any CPU.ActiveCfg = Release|Any CPU
		{069B5611-0105-4801-81EE-8915DDBB41B0}.ReleaseQnAServiceBot|iPhone.ActiveCfg = Release|Any CPU
		{069B5611-0105-4801-81EE-8915DDBB41B0}.ReleaseQnAServiceBot|iPhone.Build.0 = Release|Any CPU
		{069B5611-0105-4801-81EE-8915DDBB41B0}.ReleaseQnAServiceBot|iPhoneSimulator.ActiveCfg = Release|Any CPU
		{069B5611-0105-4801-81EE-8915DDBB41B0}.ReleaseQnAServiceBot|iPhoneSimulator.Build.0 = Release|Any CPU
	EndGlobalSection
	GlobalSection(SolutionProperties) = preSolution
		HideSolutionNode = FALSE
	EndGlobalSection
	GlobalSection(ExtensibilityGlobals) = postSolution
		SolutionGuid = {6B4745B1-0950-4184-B289-1354CFCFBDCF}
	EndGlobalSection
EndGlobal
